PODS:
  - IteratorTools (1.1.0)

DEPENDENCIES:
  - IteratorTools (~> 1.1.0)

SPEC REPOS:
  https://github.com/cocoapods/specs.git:
    - IteratorTools

SPEC CHECKSUMS:
  IteratorTools: 085fb5125062d3dc2f7a9919be1b805bef72a94f

PODFILE CHECKSUM: 41c97e9f03e1b9a9360bfec4ffb04da9d983578d

COCOAPODS: 1.5.2
