PODS:
  - BTree (4.1.0)
  - IteratorTools (1.1.0)

DEPENDENCIES:
  - BTree (~> 4.1.0)
  - IteratorTools (~> 1.1.0)

SPEC REPOS:
  trunk:
    - BTree
    - IteratorTools

SPEC CHECKSUMS:
  BTree: 99b99930790b88dc5e8bafbf666a5dfb8d7808b4
  IteratorTools: 085fb5125062d3dc2f7a9919be1b805bef72a94f

PODFILE CHECKSUM: 2d0bfe7f881d2bde5b1cb730048d44a5399df246

COCOAPODS: 1.8.4
