// !$*UTF8*$!
{
	archiveVersion = 1;
	classes = {
	};
	objectVersion = 50;
	objects = {

/* Begin PBXBuildFile section */
		17AB4585AECE26613F877B5D /* Pods_crdttasklist.framework in Frameworks */ = {isa = PBXBuildFile; fileRef = E06E61FDE88080403324CEA5 /* Pods_crdttasklist.framework */; };
		58CDACCE71946714C90E0D08 /* Pods_crdttasklistTests.framework in Frameworks */ = {isa = PBXBuildFile; fileRef = 774E340CE3DC7990C588D757 /* Pods_crdttasklistTests.framework */; };
		E755519B22A2FCBC004A111C /* .travis.yml in Resources */ = {isa = PBXBuildFile; fileRef = E755519A22A2FCBC004A111C /* .travis.yml */; };
		E755519D22A3E85F004A111C /* README.md in Resources */ = {isa = PBXBuildFile; fileRef = E755519C22A3E85F004A111C /* README.md */; };
		E76E278622A0120C00E86AB2 /* RopeTests.swift in Sources */ = {isa = PBXBuildFile; fileRef = E76E278522A0120C00E86AB2 /* RopeTests.swift */; };
		E79E1F8722C7ED06007099E5 /* Delta.swift in Sources */ = {isa = PBXBuildFile; fileRef = E79E1F8622C7ED06007099E5 /* Delta.swift */; };
		E79E1F8922C7F237007099E5 /* DeltaTests.swift in Sources */ = {isa = PBXBuildFile; fileRef = E79E1F8822C7F237007099E5 /* DeltaTests.swift */; };
		E7B05EEE2298223300D2A094 /* AppDelegate.swift in Sources */ = {isa = PBXBuildFile; fileRef = E7B05EED2298223300D2A094 /* AppDelegate.swift */; };
		E7B05EF02298223300D2A094 /* ViewController.swift in Sources */ = {isa = PBXBuildFile; fileRef = E7B05EEF2298223300D2A094 /* ViewController.swift */; };
		E7B05EF32298223300D2A094 /* Main.storyboard in Resources */ = {isa = PBXBuildFile; fileRef = E7B05EF12298223300D2A094 /* Main.storyboard */; };
		E7B05EF52298223400D2A094 /* Assets.xcassets in Resources */ = {isa = PBXBuildFile; fileRef = E7B05EF42298223400D2A094 /* Assets.xcassets */; };
		E7B05EF82298223400D2A094 /* LaunchScreen.storyboard in Resources */ = {isa = PBXBuildFile; fileRef = E7B05EF62298223400D2A094 /* LaunchScreen.storyboard */; };
		E7B05F032298223400D2A094 /* crdttasklistTests.swift in Sources */ = {isa = PBXBuildFile; fileRef = E7B05F022298223400D2A094 /* crdttasklistTests.swift */; };
		E7B05F0E2298223400D2A094 /* crdttasklistUITests.swift in Sources */ = {isa = PBXBuildFile; fileRef = E7B05F0D2298223400D2A094 /* crdttasklistUITests.swift */; };
		E7B05F1C2298231D00D2A094 /* NoteViewController.swift in Sources */ = {isa = PBXBuildFile; fileRef = E7B05F1B2298231D00D2A094 /* NoteViewController.swift */; };
		E7B05F1E2298259200D2A094 /* Note.swift in Sources */ = {isa = PBXBuildFile; fileRef = E7B05F1D2298259200D2A094 /* Note.swift */; };
		E7B05F202298284100D2A094 /* Event.swift in Sources */ = {isa = PBXBuildFile; fileRef = E7B05F1F2298284100D2A094 /* Event.swift */; };
		E7B62C182299B8D1000143C6 /* Rope.swift in Sources */ = {isa = PBXBuildFile; fileRef = E7B62C172299B8D1000143C6 /* Rope.swift */; };
		E7F0325E22BD261F00D0BF2D /* Tree.swift in Sources */ = {isa = PBXBuildFile; fileRef = E7F0325D22BD261F00D0BF2D /* Tree.swift */; };
		E7F0326022BD26F300D0BF2D /* Strings.swift in Sources */ = {isa = PBXBuildFile; fileRef = E7F0325F22BD26F300D0BF2D /* Strings.swift */; };
/* End PBXBuildFile section */

/* Begin PBXContainerItemProxy section */
		E7B05EFF2298223400D2A094 /* PBXContainerItemProxy */ = {
			isa = PBXContainerItemProxy;
			containerPortal = E7B05EE22298223300D2A094 /* Project object */;
			proxyType = 1;
			remoteGlobalIDString = E7B05EE92298223300D2A094;
			remoteInfo = crdttasklist;
		};
		E7B05F0A2298223400D2A094 /* PBXContainerItemProxy */ = {
			isa = PBXContainerItemProxy;
			containerPortal = E7B05EE22298223300D2A094 /* Project object */;
			proxyType = 1;
			remoteGlobalIDString = E7B05EE92298223300D2A094;
			remoteInfo = crdttasklist;
		};
/* End PBXContainerItemProxy section */

/* Begin PBXFileReference section */
		6EB7996330C56F2773939B97 /* Pods-crdttasklistTests.debug.xcconfig */ = {isa = PBXFileReference; includeInIndex = 1; lastKnownFileType = text.xcconfig; name = "Pods-crdttasklistTests.debug.xcconfig"; path = "Pods/Target Support Files/Pods-crdttasklistTests/Pods-crdttasklistTests.debug.xcconfig"; sourceTree = "<group>"; };
		774E340CE3DC7990C588D757 /* Pods_crdttasklistTests.framework */ = {isa = PBXFileReference; explicitFileType = wrapper.framework; includeInIndex = 0; path = Pods_crdttasklistTests.framework; sourceTree = BUILT_PRODUCTS_DIR; };
		A8C17A7DCE3E0DA110C218A2 /* Pods-crdttasklist.debug.xcconfig */ = {isa = PBXFileReference; includeInIndex = 1; lastKnownFileType = text.xcconfig; name = "Pods-crdttasklist.debug.xcconfig"; path = "Pods/Target Support Files/Pods-crdttasklist/Pods-crdttasklist.debug.xcconfig"; sourceTree = "<group>"; };
		CBC63A97996E075536225CAE /* Pods-crdttasklistTests.release.xcconfig */ = {isa = PBXFileReference; includeInIndex = 1; lastKnownFileType = text.xcconfig; name = "Pods-crdttasklistTests.release.xcconfig"; path = "Pods/Target Support Files/Pods-crdttasklistTests/Pods-crdttasklistTests.release.xcconfig"; sourceTree = "<group>"; };
		E06E61FDE88080403324CEA5 /* Pods_crdttasklist.framework */ = {isa = PBXFileReference; explicitFileType = wrapper.framework; includeInIndex = 0; path = Pods_crdttasklist.framework; sourceTree = BUILT_PRODUCTS_DIR; };
		E755519A22A2FCBC004A111C /* .travis.yml */ = {isa = PBXFileReference; lastKnownFileType = text; path = .travis.yml; sourceTree = "<group>"; };
		E755519C22A3E85F004A111C /* README.md */ = {isa = PBXFileReference; lastKnownFileType = net.daringfireball.markdown; path = README.md; sourceTree = "<group>"; };
		E76E278522A0120C00E86AB2 /* RopeTests.swift */ = {isa = PBXFileReference; lastKnownFileType = sourcecode.swift; path = RopeTests.swift; sourceTree = "<group>"; };
		E79E1F8622C7ED06007099E5 /* Delta.swift */ = {isa = PBXFileReference; lastKnownFileType = sourcecode.swift; path = Delta.swift; sourceTree = "<group>"; };
		E79E1F8822C7F237007099E5 /* DeltaTests.swift */ = {isa = PBXFileReference; lastKnownFileType = sourcecode.swift; path = DeltaTests.swift; sourceTree = "<group>"; };
		E7B05EEA2298223300D2A094 /* crdttasklist.app */ = {isa = PBXFileReference; explicitFileType = wrapper.application; includeInIndex = 0; path = crdttasklist.app; sourceTree = BUILT_PRODUCTS_DIR; };
		E7B05EED2298223300D2A094 /* AppDelegate.swift */ = {isa = PBXFileReference; lastKnownFileType = sourcecode.swift; path = AppDelegate.swift; sourceTree = "<group>"; };
		E7B05EEF2298223300D2A094 /* ViewController.swift */ = {isa = PBXFileReference; lastKnownFileType = sourcecode.swift; path = ViewController.swift; sourceTree = "<group>"; };
		E7B05EF22298223300D2A094 /* Base */ = {isa = PBXFileReference; lastKnownFileType = file.storyboard; name = Base; path = Base.lproj/Main.storyboard; sourceTree = "<group>"; };
		E7B05EF42298223400D2A094 /* Assets.xcassets */ = {isa = PBXFileReference; lastKnownFileType = folder.assetcatalog; path = Assets.xcassets; sourceTree = "<group>"; };
		E7B05EF72298223400D2A094 /* Base */ = {isa = PBXFileReference; lastKnownFileType = file.storyboard; name = Base; path = Base.lproj/LaunchScreen.storyboard; sourceTree = "<group>"; };
		E7B05EF92298223400D2A094 /* Info.plist */ = {isa = PBXFileReference; lastKnownFileType = text.plist.xml; path = Info.plist; sourceTree = "<group>"; };
		E7B05EFE2298223400D2A094 /* crdttasklistTests.xctest */ = {isa = PBXFileReference; explicitFileType = wrapper.cfbundle; includeInIndex = 0; path = crdttasklistTests.xctest; sourceTree = BUILT_PRODUCTS_DIR; };
		E7B05F022298223400D2A094 /* crdttasklistTests.swift */ = {isa = PBXFileReference; lastKnownFileType = sourcecode.swift; path = crdttasklistTests.swift; sourceTree = "<group>"; };
		E7B05F042298223400D2A094 /* Info.plist */ = {isa = PBXFileReference; lastKnownFileType = text.plist.xml; path = Info.plist; sourceTree = "<group>"; };
		E7B05F092298223400D2A094 /* crdttasklistUITests.xctest */ = {isa = PBXFileReference; explicitFileType = wrapper.cfbundle; includeInIndex = 0; path = crdttasklistUITests.xctest; sourceTree = BUILT_PRODUCTS_DIR; };
		E7B05F0D2298223400D2A094 /* crdttasklistUITests.swift */ = {isa = PBXFileReference; lastKnownFileType = sourcecode.swift; path = crdttasklistUITests.swift; sourceTree = "<group>"; };
		E7B05F0F2298223400D2A094 /* Info.plist */ = {isa = PBXFileReference; lastKnownFileType = text.plist.xml; path = Info.plist; sourceTree = "<group>"; };
		E7B05F1B2298231D00D2A094 /* NoteViewController.swift */ = {isa = PBXFileReference; lastKnownFileType = sourcecode.swift; path = NoteViewController.swift; sourceTree = "<group>"; };
		E7B05F1D2298259200D2A094 /* Note.swift */ = {isa = PBXFileReference; lastKnownFileType = sourcecode.swift; path = Note.swift; sourceTree = "<group>"; };
		E7B05F1F2298284100D2A094 /* Event.swift */ = {isa = PBXFileReference; lastKnownFileType = sourcecode.swift; path = Event.swift; sourceTree = "<group>"; };
		E7B62C172299B8D1000143C6 /* Rope.swift */ = {isa = PBXFileReference; lastKnownFileType = sourcecode.swift; path = Rope.swift; sourceTree = "<group>"; };
		E7F0325D22BD261F00D0BF2D /* Tree.swift */ = {isa = PBXFileReference; lastKnownFileType = sourcecode.swift; path = Tree.swift; sourceTree = "<group>"; };
		E7F0325F22BD26F300D0BF2D /* Strings.swift */ = {isa = PBXFileReference; lastKnownFileType = sourcecode.swift; path = Strings.swift; sourceTree = "<group>"; };
		F25EA82BD8892AE33DAF952B /* Pods-crdttasklist.release.xcconfig */ = {isa = PBXFileReference; includeInIndex = 1; lastKnownFileType = text.xcconfig; name = "Pods-crdttasklist.release.xcconfig"; path = "Pods/Target Support Files/Pods-crdttasklist/Pods-crdttasklist.release.xcconfig"; sourceTree = "<group>"; };
/* End PBXFileReference section */

/* Begin PBXFrameworksBuildPhase section */
		E7B05EE72298223300D2A094 /* Frameworks */ = {
			isa = PBXFrameworksBuildPhase;
			buildActionMask = 2147483647;
			files = (
				17AB4585AECE26613F877B5D /* Pods_crdttasklist.framework in Frameworks */,
			);
			runOnlyForDeploymentPostprocessing = 0;
		};
		E7B05EFB2298223400D2A094 /* Frameworks */ = {
			isa = PBXFrameworksBuildPhase;
			buildActionMask = 2147483647;
			files = (
				58CDACCE71946714C90E0D08 /* Pods_crdttasklistTests.framework in Frameworks */,
			);
			runOnlyForDeploymentPostprocessing = 0;
		};
		E7B05F062298223400D2A094 /* Frameworks */ = {
			isa = PBXFrameworksBuildPhase;
			buildActionMask = 2147483647;
			files = (
			);
			runOnlyForDeploymentPostprocessing = 0;
		};
/* End PBXFrameworksBuildPhase section */

/* Begin PBXGroup section */
		8876416F19CB16E59D93CF4E /* Frameworks */ = {
			isa = PBXGroup;
			children = (
				E06E61FDE88080403324CEA5 /* Pods_crdttasklist.framework */,
				774E340CE3DC7990C588D757 /* Pods_crdttasklistTests.framework */,
			);
			name = Frameworks;
			sourceTree = "<group>";
		};
		903608647B2DDBB1F39C1460 /* Pods */ = {
			isa = PBXGroup;
			children = (
				A8C17A7DCE3E0DA110C218A2 /* Pods-crdttasklist.debug.xcconfig */,
				F25EA82BD8892AE33DAF952B /* Pods-crdttasklist.release.xcconfig */,
				6EB7996330C56F2773939B97 /* Pods-crdttasklistTests.debug.xcconfig */,
				CBC63A97996E075536225CAE /* Pods-crdttasklistTests.release.xcconfig */,
			);
			name = Pods;
			sourceTree = "<group>";
		};
		E7B05EE12298223300D2A094 = {
			isa = PBXGroup;
			children = (
				E755519C22A3E85F004A111C /* README.md */,
				E755519A22A2FCBC004A111C /* .travis.yml */,
				E7B05EEC2298223300D2A094 /* crdttasklist */,
				E7B05F012298223400D2A094 /* crdttasklistTests */,
				E7B05F0C2298223400D2A094 /* crdttasklistUITests */,
				E7B05EEB2298223300D2A094 /* Products */,
				903608647B2DDBB1F39C1460 /* Pods */,
				8876416F19CB16E59D93CF4E /* Frameworks */,
			);
			sourceTree = "<group>";
		};
		E7B05EEB2298223300D2A094 /* Products */ = {
			isa = PBXGroup;
			children = (
				E7B05EEA2298223300D2A094 /* crdttasklist.app */,
				E7B05EFE2298223400D2A094 /* crdttasklistTests.xctest */,
				E7B05F092298223400D2A094 /* crdttasklistUITests.xctest */,
			);
			name = Products;
			sourceTree = "<group>";
		};
		E7B05EEC2298223300D2A094 /* crdttasklist */ = {
			isa = PBXGroup;
			children = (
				E7B05EED2298223300D2A094 /* AppDelegate.swift */,
				E7B05EEF2298223300D2A094 /* ViewController.swift */,
				E7B05EF12298223300D2A094 /* Main.storyboard */,
				E7B05F1B2298231D00D2A094 /* NoteViewController.swift */,
				E7B05EF42298223400D2A094 /* Assets.xcassets */,
				E7B05EF62298223400D2A094 /* LaunchScreen.storyboard */,
				E7B05EF92298223400D2A094 /* Info.plist */,
				E7B05F1D2298259200D2A094 /* Note.swift */,
				E7B05F1F2298284100D2A094 /* Event.swift */,
				E7B62C172299B8D1000143C6 /* Rope.swift */,
				E7F0325D22BD261F00D0BF2D /* Tree.swift */,
				E7F0325F22BD26F300D0BF2D /* Strings.swift */,
				E79E1F8622C7ED06007099E5 /* Delta.swift */,
			);
			path = crdttasklist;
			sourceTree = "<group>";
		};
		E7B05F012298223400D2A094 /* crdttasklistTests */ = {
			isa = PBXGroup;
			children = (
				E7B05F022298223400D2A094 /* crdttasklistTests.swift */,
				E7B05F042298223400D2A094 /* Info.plist */,
				E76E278522A0120C00E86AB2 /* RopeTests.swift */,
				E79E1F8822C7F237007099E5 /* DeltaTests.swift */,
			);
			path = crdttasklistTests;
			sourceTree = "<group>";
		};
		E7B05F0C2298223400D2A094 /* crdttasklistUITests */ = {
			isa = PBXGroup;
			children = (
				E7B05F0D2298223400D2A094 /* crdttasklistUITests.swift */,
				E7B05F0F2298223400D2A094 /* Info.plist */,
			);
			path = crdttasklistUITests;
			sourceTree = "<group>";
		};
/* End PBXGroup section */

/* Begin PBXNativeTarget section */
		E7B05EE92298223300D2A094 /* crdttasklist */ = {
			isa = PBXNativeTarget;
			buildConfigurationList = E7B05F122298223400D2A094 /* Build configuration list for PBXNativeTarget "crdttasklist" */;
			buildPhases = (
				4B481D15F8C7A35CC5617961 /* [CP] Check Pods Manifest.lock */,
				E7B05EE62298223300D2A094 /* Sources */,
				E7B05EE72298223300D2A094 /* Frameworks */,
				E7B05EE82298223300D2A094 /* Resources */,
				176DF8877D2A6B8E74848CFA /* [CP] Embed Pods Frameworks */,
			);
			buildRules = (
			);
			dependencies = (
			);
			name = crdttasklist;
			productName = crdttasklist;
			productReference = E7B05EEA2298223300D2A094 /* crdttasklist.app */;
			productType = "com.apple.product-type.application";
		};
		E7B05EFD2298223400D2A094 /* crdttasklistTests */ = {
			isa = PBXNativeTarget;
			buildConfigurationList = E7B05F152298223400D2A094 /* Build configuration list for PBXNativeTarget "crdttasklistTests" */;
			buildPhases = (
				25C97F4E6BECC2DAC3B3C26F /* [CP] Check Pods Manifest.lock */,
				E7B05EFA2298223400D2A094 /* Sources */,
				E7B05EFB2298223400D2A094 /* Frameworks */,
				E7B05EFC2298223400D2A094 /* Resources */,
				DFA37D6236262E4D597B755F /* [CP] Embed Pods Frameworks */,
			);
			buildRules = (
			);
			dependencies = (
				E7B05F002298223400D2A094 /* PBXTargetDependency */,
			);
			name = crdttasklistTests;
			productName = crdttasklistTests;
			productReference = E7B05EFE2298223400D2A094 /* crdttasklistTests.xctest */;
			productType = "com.apple.product-type.bundle.unit-test";
		};
		E7B05F082298223400D2A094 /* crdttasklistUITests */ = {
			isa = PBXNativeTarget;
			buildConfigurationList = E7B05F182298223400D2A094 /* Build configuration list for PBXNativeTarget "crdttasklistUITests" */;
			buildPhases = (
				E7B05F052298223400D2A094 /* Sources */,
				E7B05F062298223400D2A094 /* Frameworks */,
				E7B05F072298223400D2A094 /* Resources */,
			);
			buildRules = (
			);
			dependencies = (
				E7B05F0B2298223400D2A094 /* PBXTargetDependency */,
			);
			name = crdttasklistUITests;
			productName = crdttasklistUITests;
			productReference = E7B05F092298223400D2A094 /* crdttasklistUITests.xctest */;
			productType = "com.apple.product-type.bundle.ui-testing";
		};
/* End PBXNativeTarget section */

/* Begin PBXProject section */
		E7B05EE22298223300D2A094 /* Project object */ = {
			isa = PBXProject;
			attributes = {
				LastSwiftUpdateCheck = 1020;
				LastUpgradeCheck = 1020;
				ORGANIZATIONNAME = "Vladimir Shakhov";
				TargetAttributes = {
					E7B05EE92298223300D2A094 = {
						CreatedOnToolsVersion = 10.2.1;
					};
					E7B05EFD2298223400D2A094 = {
						CreatedOnToolsVersion = 10.2.1;
						TestTargetID = E7B05EE92298223300D2A094;
					};
					E7B05F082298223400D2A094 = {
						CreatedOnToolsVersion = 10.2.1;
						TestTargetID = E7B05EE92298223300D2A094;
					};
				};
			};
			buildConfigurationList = E7B05EE52298223300D2A094 /* Build configuration list for PBXProject "crdttasklist" */;
			compatibilityVersion = "Xcode 9.3";
			developmentRegion = en;
			hasScannedForEncodings = 0;
			knownRegions = (
				en,
				Base,
			);
			mainGroup = E7B05EE12298223300D2A094;
			productRefGroup = E7B05EEB2298223300D2A094 /* Products */;
			projectDirPath = "";
			projectRoot = "";
			targets = (
				E7B05EE92298223300D2A094 /* crdttasklist */,
				E7B05EFD2298223400D2A094 /* crdttasklistTests */,
				E7B05F082298223400D2A094 /* crdttasklistUITests */,
			);
		};
/* End PBXProject section */

/* Begin PBXResourcesBuildPhase section */
		E7B05EE82298223300D2A094 /* Resources */ = {
			isa = PBXResourcesBuildPhase;
			buildActionMask = 2147483647;
			files = (
				E7B05EF82298223400D2A094 /* LaunchScreen.storyboard in Resources */,
				E7B05EF52298223400D2A094 /* Assets.xcassets in Resources */,
				E755519D22A3E85F004A111C /* README.md in Resources */,
				E755519B22A2FCBC004A111C /* .travis.yml in Resources */,
				E7B05EF32298223300D2A094 /* Main.storyboard in Resources */,
			);
			runOnlyForDeploymentPostprocessing = 0;
		};
		E7B05EFC2298223400D2A094 /* Resources */ = {
			isa = PBXResourcesBuildPhase;
			buildActionMask = 2147483647;
			files = (
			);
			runOnlyForDeploymentPostprocessing = 0;
		};
		E7B05F072298223400D2A094 /* Resources */ = {
			isa = PBXResourcesBuildPhase;
			buildActionMask = 2147483647;
			files = (
			);
			runOnlyForDeploymentPostprocessing = 0;
		};
/* End PBXResourcesBuildPhase section */

/* Begin PBXShellScriptBuildPhase section */
		176DF8877D2A6B8E74848CFA /* [CP] Embed Pods Frameworks */ = {
			isa = PBXShellScriptBuildPhase;
			buildActionMask = 2147483647;
			files = (
			);
			inputPaths = (
				"${SRCROOT}/Pods/Target Support Files/Pods-crdttasklist/Pods-crdttasklist-frameworks.sh",
				"${BUILT_PRODUCTS_DIR}/IteratorTools/IteratorTools.framework",
			);
			name = "[CP] Embed Pods Frameworks";
			outputPaths = (
				"${TARGET_BUILD_DIR}/${FRAMEWORKS_FOLDER_PATH}/IteratorTools.framework",
			);
			runOnlyForDeploymentPostprocessing = 0;
			shellPath = /bin/sh;
			shellScript = "\"${SRCROOT}/Pods/Target Support Files/Pods-crdttasklist/Pods-crdttasklist-frameworks.sh\"\n";
			showEnvVarsInLog = 0;
		};
		25C97F4E6BECC2DAC3B3C26F /* [CP] Check Pods Manifest.lock */ = {
			isa = PBXShellScriptBuildPhase;
			buildActionMask = 2147483647;
			files = (
			);
			inputPaths = (
				"${PODS_PODFILE_DIR_PATH}/Podfile.lock",
				"${PODS_ROOT}/Manifest.lock",
			);
			name = "[CP] Check Pods Manifest.lock";
			outputPaths = (
				"$(DERIVED_FILE_DIR)/Pods-crdttasklistTests-checkManifestLockResult.txt",
			);
			runOnlyForDeploymentPostprocessing = 0;
			shellPath = /bin/sh;
			shellScript = "diff \"${PODS_PODFILE_DIR_PATH}/Podfile.lock\" \"${PODS_ROOT}/Manifest.lock\" > /dev/null\nif [ $? != 0 ] ; then\n    # print error to STDERR\n    echo \"error: The sandbox is not in sync with the Podfile.lock. Run 'pod install' or update your CocoaPods installation.\" >&2\n    exit 1\nfi\n# This output is used by Xcode 'outputs' to avoid re-running this script phase.\necho \"SUCCESS\" > \"${SCRIPT_OUTPUT_FILE_0}\"\n";
			showEnvVarsInLog = 0;
		};
		4B481D15F8C7A35CC5617961 /* [CP] Check Pods Manifest.lock */ = {
			isa = PBXShellScriptBuildPhase;
			buildActionMask = 2147483647;
			files = (
			);
			inputPaths = (
				"${PODS_PODFILE_DIR_PATH}/Podfile.lock",
				"${PODS_ROOT}/Manifest.lock",
			);
			name = "[CP] Check Pods Manifest.lock";
			outputPaths = (
				"$(DERIVED_FILE_DIR)/Pods-crdttasklist-checkManifestLockResult.txt",
			);
			runOnlyForDeploymentPostprocessing = 0;
			shellPath = /bin/sh;
			shellScript = "diff \"${PODS_PODFILE_DIR_PATH}/Podfile.lock\" \"${PODS_ROOT}/Manifest.lock\" > /dev/null\nif [ $? != 0 ] ; then\n    # print error to STDERR\n    echo \"error: The sandbox is not in sync with the Podfile.lock. Run 'pod install' or update your CocoaPods installation.\" >&2\n    exit 1\nfi\n# This output is used by Xcode 'outputs' to avoid re-running this script phase.\necho \"SUCCESS\" > \"${SCRIPT_OUTPUT_FILE_0}\"\n";
			showEnvVarsInLog = 0;
		};
		DFA37D6236262E4D597B755F /* [CP] Embed Pods Frameworks */ = {
			isa = PBXShellScriptBuildPhase;
			buildActionMask = 2147483647;
			files = (
			);
			inputPaths = (
				"${SRCROOT}/Pods/Target Support Files/Pods-crdttasklistTests/Pods-crdttasklistTests-frameworks.sh",
				"${BUILT_PRODUCTS_DIR}/IteratorTools/IteratorTools.framework",
			);
			name = "[CP] Embed Pods Frameworks";
			outputPaths = (
				"${TARGET_BUILD_DIR}/${FRAMEWORKS_FOLDER_PATH}/IteratorTools.framework",
			);
			runOnlyForDeploymentPostprocessing = 0;
			shellPath = /bin/sh;
			shellScript = "\"${SRCROOT}/Pods/Target Support Files/Pods-crdttasklistTests/Pods-crdttasklistTests-frameworks.sh\"\n";
			showEnvVarsInLog = 0;
		};
/* End PBXShellScriptBuildPhase section */

/* Begin PBXSourcesBuildPhase section */
		E7B05EE62298223300D2A094 /* Sources */ = {
			isa = PBXSourcesBuildPhase;
			buildActionMask = 2147483647;
			files = (
				E7F0325E22BD261F00D0BF2D /* Tree.swift in Sources */,
				E79E1F8722C7ED06007099E5 /* Delta.swift in Sources */,
				E7B05EF02298223300D2A094 /* ViewController.swift in Sources */,
				E7F0326022BD26F300D0BF2D /* Strings.swift in Sources */,
				E7B05EEE2298223300D2A094 /* AppDelegate.swift in Sources */,
				E7B05F1C2298231D00D2A094 /* NoteViewController.swift in Sources */,
				E7B05F1E2298259200D2A094 /* Note.swift in Sources */,
				E7B05F202298284100D2A094 /* Event.swift in Sources */,
				E7B62C182299B8D1000143C6 /* Rope.swift in Sources */,
			);
			runOnlyForDeploymentPostprocessing = 0;
		};
		E7B05EFA2298223400D2A094 /* Sources */ = {
			isa = PBXSourcesBuildPhase;
			buildActionMask = 2147483647;
			files = (
				E7B05F032298223400D2A094 /* crdttasklistTests.swift in Sources */,
				E76E278622A0120C00E86AB2 /* RopeTests.swift in Sources */,
				E79E1F8922C7F237007099E5 /* DeltaTests.swift in Sources */,
			);
			runOnlyForDeploymentPostprocessing = 0;
		};
		E7B05F052298223400D2A094 /* Sources */ = {
			isa = PBXSourcesBuildPhase;
			buildActionMask = 2147483647;
			files = (
				E7B05F0E2298223400D2A094 /* crdttasklistUITests.swift in Sources */,
			);
			runOnlyForDeploymentPostprocessing = 0;
		};
/* End PBXSourcesBuildPhase section */

/* Begin PBXTargetDependency section */
		E7B05F002298223400D2A094 /* PBXTargetDependency */ = {
			isa = PBXTargetDependency;
			target = E7B05EE92298223300D2A094 /* crdttasklist */;
			targetProxy = E7B05EFF2298223400D2A094 /* PBXContainerItemProxy */;
		};
		E7B05F0B2298223400D2A094 /* PBXTargetDependency */ = {
			isa = PBXTargetDependency;
			target = E7B05EE92298223300D2A094 /* crdttasklist */;
			targetProxy = E7B05F0A2298223400D2A094 /* PBXContainerItemProxy */;
		};
/* End PBXTargetDependency section */

/* Begin PBXVariantGroup section */
		E7B05EF12298223300D2A094 /* Main.storyboard */ = {
			isa = PBXVariantGroup;
			children = (
				E7B05EF22298223300D2A094 /* Base */,
			);
			name = Main.storyboard;
			sourceTree = "<group>";
		};
		E7B05EF62298223400D2A094 /* LaunchScreen.storyboard */ = {
			isa = PBXVariantGroup;
			children = (
				E7B05EF72298223400D2A094 /* Base */,
			);
			name = LaunchScreen.storyboard;
			sourceTree = "<group>";
		};
/* End PBXVariantGroup section */

/* Begin XCBuildConfiguration section */
		E7B05F102298223400D2A094 /* Debug */ = {
			isa = XCBuildConfiguration;
			buildSettings = {
				ALWAYS_SEARCH_USER_PATHS = NO;
				CLANG_ANALYZER_NONNULL = YES;
				CLANG_ANALYZER_NUMBER_OBJECT_CONVERSION = YES_AGGRESSIVE;
				CLANG_CXX_LANGUAGE_STANDARD = "gnu++14";
				CLANG_CXX_LIBRARY = "libc++";
				CLANG_ENABLE_MODULES = YES;
				CLANG_ENABLE_OBJC_ARC = YES;
				CLANG_ENABLE_OBJC_WEAK = YES;
				CLANG_WARN_BLOCK_CAPTURE_AUTORELEASING = YES;
				CLANG_WARN_BOOL_CONVERSION = YES;
				CLANG_WARN_COMMA = YES;
				CLANG_WARN_CONSTANT_CONVERSION = YES;
				CLANG_WARN_DEPRECATED_OBJC_IMPLEMENTATIONS = YES;
				CLANG_WARN_DIRECT_OBJC_ISA_USAGE = YES_ERROR;
				CLANG_WARN_DOCUMENTATION_COMMENTS = YES;
				CLANG_WARN_EMPTY_BODY = YES;
				CLANG_WARN_ENUM_CONVERSION = YES;
				CLANG_WARN_INFINITE_RECURSION = YES;
				CLANG_WARN_INT_CONVERSION = YES;
				CLANG_WARN_NON_LITERAL_NULL_CONVERSION = YES;
				CLANG_WARN_OBJC_IMPLICIT_RETAIN_SELF = YES;
				CLANG_WARN_OBJC_LITERAL_CONVERSION = YES;
				CLANG_WARN_OBJC_ROOT_CLASS = YES_ERROR;
				CLANG_WARN_RANGE_LOOP_ANALYSIS = YES;
				CLANG_WARN_STRICT_PROTOTYPES = YES;
				CLANG_WARN_SUSPICIOUS_MOVE = YES;
				CLANG_WARN_UNGUARDED_AVAILABILITY = YES_AGGRESSIVE;
				CLANG_WARN_UNREACHABLE_CODE = YES;
				CLANG_WARN__DUPLICATE_METHOD_MATCH = YES;
				CODE_SIGN_IDENTITY = "iPhone Developer";
				COPY_PHASE_STRIP = NO;
				DEBUG_INFORMATION_FORMAT = dwarf;
				ENABLE_STRICT_OBJC_MSGSEND = YES;
				ENABLE_TESTABILITY = YES;
				GCC_C_LANGUAGE_STANDARD = gnu11;
				GCC_DYNAMIC_NO_PIC = NO;
				GCC_NO_COMMON_BLOCKS = YES;
				GCC_OPTIMIZATION_LEVEL = 0;
				GCC_PREPROCESSOR_DEFINITIONS = (
					"DEBUG=1",
					"$(inherited)",
				);
				GCC_WARN_64_TO_32_BIT_CONVERSION = YES;
				GCC_WARN_ABOUT_RETURN_TYPE = YES_ERROR;
				GCC_WARN_UNDECLARED_SELECTOR = YES;
				GCC_WARN_UNINITIALIZED_AUTOS = YES_AGGRESSIVE;
				GCC_WARN_UNUSED_FUNCTION = YES;
				GCC_WARN_UNUSED_VARIABLE = YES;
				IPHONEOS_DEPLOYMENT_TARGET = 12.2;
				MTL_ENABLE_DEBUG_INFO = INCLUDE_SOURCE;
				MTL_FAST_MATH = YES;
				ONLY_ACTIVE_ARCH = YES;
				SDKROOT = iphoneos;
				SWIFT_ACTIVE_COMPILATION_CONDITIONS = DEBUG;
				SWIFT_OPTIMIZATION_LEVEL = "-Onone";
			};
			name = Debug;
		};
		E7B05F112298223400D2A094 /* Release */ = {
			isa = XCBuildConfiguration;
			buildSettings = {
				ALWAYS_SEARCH_USER_PATHS = NO;
				CLANG_ANALYZER_NONNULL = YES;
				CLANG_ANALYZER_NUMBER_OBJECT_CONVERSION = YES_AGGRESSIVE;
				CLANG_CXX_LANGUAGE_STANDARD = "gnu++14";
				CLANG_CXX_LIBRARY = "libc++";
				CLANG_ENABLE_MODULES = YES;
				CLANG_ENABLE_OBJC_ARC = YES;
				CLANG_ENABLE_OBJC_WEAK = YES;
				CLANG_WARN_BLOCK_CAPTURE_AUTORELEASING = YES;
				CLANG_WARN_BOOL_CONVERSION = YES;
				CLANG_WARN_COMMA = YES;
				CLANG_WARN_CONSTANT_CONVERSION = YES;
				CLANG_WARN_DEPRECATED_OBJC_IMPLEMENTATIONS = YES;
				CLANG_WARN_DIRECT_OBJC_ISA_USAGE = YES_ERROR;
				CLANG_WARN_DOCUMENTATION_COMMENTS = YES;
				CLANG_WARN_EMPTY_BODY = YES;
				CLANG_WARN_ENUM_CONVERSION = YES;
				CLANG_WARN_INFINITE_RECURSION = YES;
				CLANG_WARN_INT_CONVERSION = YES;
				CLANG_WARN_NON_LITERAL_NULL_CONVERSION = YES;
				CLANG_WARN_OBJC_IMPLICIT_RETAIN_SELF = YES;
				CLANG_WARN_OBJC_LITERAL_CONVERSION = YES;
				CLANG_WARN_OBJC_ROOT_CLASS = YES_ERROR;
				CLANG_WARN_RANGE_LOOP_ANALYSIS = YES;
				CLANG_WARN_STRICT_PROTOTYPES = YES;
				CLANG_WARN_SUSPICIOUS_MOVE = YES;
				CLANG_WARN_UNGUARDED_AVAILABILITY = YES_AGGRESSIVE;
				CLANG_WARN_UNREACHABLE_CODE = YES;
				CLANG_WARN__DUPLICATE_METHOD_MATCH = YES;
				CODE_SIGN_IDENTITY = "iPhone Developer";
				COPY_PHASE_STRIP = NO;
				DEBUG_INFORMATION_FORMAT = "dwarf-with-dsym";
				ENABLE_NS_ASSERTIONS = NO;
				ENABLE_STRICT_OBJC_MSGSEND = YES;
				GCC_C_LANGUAGE_STANDARD = gnu11;
				GCC_NO_COMMON_BLOCKS = YES;
				GCC_WARN_64_TO_32_BIT_CONVERSION = YES;
				GCC_WARN_ABOUT_RETURN_TYPE = YES_ERROR;
				GCC_WARN_UNDECLARED_SELECTOR = YES;
				GCC_WARN_UNINITIALIZED_AUTOS = YES_AGGRESSIVE;
				GCC_WARN_UNUSED_FUNCTION = YES;
				GCC_WARN_UNUSED_VARIABLE = YES;
				IPHONEOS_DEPLOYMENT_TARGET = 12.2;
				MTL_ENABLE_DEBUG_INFO = NO;
				MTL_FAST_MATH = YES;
				SDKROOT = iphoneos;
				SWIFT_COMPILATION_MODE = wholemodule;
				SWIFT_OPTIMIZATION_LEVEL = "-O";
				VALIDATE_PRODUCT = YES;
			};
			name = Release;
		};
		E7B05F132298223400D2A094 /* Debug */ = {
			isa = XCBuildConfiguration;
			baseConfigurationReference = A8C17A7DCE3E0DA110C218A2 /* Pods-crdttasklist.debug.xcconfig */;
			buildSettings = {
				ASSETCATALOG_COMPILER_APPICON_NAME = AppIcon;
				CODE_SIGN_STYLE = Automatic;
				DEVELOPMENT_TEAM = W9WX9VGYS8;
				INFOPLIST_FILE = crdttasklist/Info.plist;
				LD_RUNPATH_SEARCH_PATHS = (
					"$(inherited)",
					"@executable_path/Frameworks",
				);
				PRODUCT_BUNDLE_IDENTIFIER = vs.crdttasklist;
				PRODUCT_NAME = "$(TARGET_NAME)";
				SWIFT_VERSION = 5.0;
				TARGETED_DEVICE_FAMILY = "1,2";
			};
			name = Debug;
		};
		E7B05F142298223400D2A094 /* Release */ = {
			isa = XCBuildConfiguration;
			baseConfigurationReference = F25EA82BD8892AE33DAF952B /* Pods-crdttasklist.release.xcconfig */;
			buildSettings = {
				ASSETCATALOG_COMPILER_APPICON_NAME = AppIcon;
				CODE_SIGN_STYLE = Automatic;
				DEVELOPMENT_TEAM = W9WX9VGYS8;
				INFOPLIST_FILE = crdttasklist/Info.plist;
				LD_RUNPATH_SEARCH_PATHS = (
					"$(inherited)",
					"@executable_path/Frameworks",
				);
				PRODUCT_BUNDLE_IDENTIFIER = vs.crdttasklist;
				PRODUCT_NAME = "$(TARGET_NAME)";
				SWIFT_VERSION = 5.0;
				TARGETED_DEVICE_FAMILY = "1,2";
			};
			name = Release;
		};
		E7B05F162298223400D2A094 /* Debug */ = {
			isa = XCBuildConfiguration;
			baseConfigurationReference = 6EB7996330C56F2773939B97 /* Pods-crdttasklistTests.debug.xcconfig */;
			buildSettings = {
				ALWAYS_EMBED_SWIFT_STANDARD_LIBRARIES = YES;
				BUNDLE_LOADER = "$(TEST_HOST)";
				CODE_SIGN_STYLE = Automatic;
				DEVELOPMENT_TEAM = W9WX9VGYS8;
				INFOPLIST_FILE = crdttasklistTests/Info.plist;
				LD_RUNPATH_SEARCH_PATHS = (
					"$(inherited)",
					"@executable_path/Frameworks",
					"@loader_path/Frameworks",
				);
				PRODUCT_BUNDLE_IDENTIFIER = vs.crdttasklistTests;
				PRODUCT_NAME = "$(TARGET_NAME)";
				SWIFT_VERSION = 5.0;
				TARGETED_DEVICE_FAMILY = "1,2";
				TEST_HOST = "$(BUILT_PRODUCTS_DIR)/crdttasklist.app/crdttasklist";
			};
			name = Debug;
		};
		E7B05F172298223400D2A094 /* Release */ = {
			isa = XCBuildConfiguration;
			baseConfigurationReference = CBC63A97996E075536225CAE /* Pods-crdttasklistTests.release.xcconfig */;
			buildSettings = {
				ALWAYS_EMBED_SWIFT_STANDARD_LIBRARIES = YES;
				BUNDLE_LOADER = "$(TEST_HOST)";
				CODE_SIGN_STYLE = Automatic;
				DEVELOPMENT_TEAM = W9WX9VGYS8;
				INFOPLIST_FILE = crdttasklistTests/Info.plist;
				LD_RUNPATH_SEARCH_PATHS = (
					"$(inherited)",
					"@executable_path/Frameworks",
					"@loader_path/Frameworks",
				);
				PRODUCT_BUNDLE_IDENTIFIER = vs.crdttasklistTests;
				PRODUCT_NAME = "$(TARGET_NAME)";
				SWIFT_VERSION = 5.0;
				TARGETED_DEVICE_FAMILY = "1,2";
				TEST_HOST = "$(BUILT_PRODUCTS_DIR)/crdttasklist.app/crdttasklist";
			};
			name = Release;
		};
		E7B05F192298223400D2A094 /* Debug */ = {
			isa = XCBuildConfiguration;
			buildSettings = {
				ALWAYS_EMBED_SWIFT_STANDARD_LIBRARIES = YES;
				CODE_SIGN_STYLE = Automatic;
				DEVELOPMENT_TEAM = W9WX9VGYS8;
				INFOPLIST_FILE = crdttasklistUITests/Info.plist;
				LD_RUNPATH_SEARCH_PATHS = (
					"$(inherited)",
					"@executable_path/Frameworks",
					"@loader_path/Frameworks",
				);
				PRODUCT_BUNDLE_IDENTIFIER = vs.crdttasklistUITests;
				PRODUCT_NAME = "$(TARGET_NAME)";
				SWIFT_VERSION = 5.0;
				TARGETED_DEVICE_FAMILY = "1,2";
				TEST_TARGET_NAME = crdttasklist;
			};
			name = Debug;
		};
		E7B05F1A2298223400D2A094 /* Release */ = {
			isa = XCBuildConfiguration;
			buildSettings = {
				ALWAYS_EMBED_SWIFT_STANDARD_LIBRARIES = YES;
				CODE_SIGN_STYLE = Automatic;
				DEVELOPMENT_TEAM = W9WX9VGYS8;
				INFOPLIST_FILE = crdttasklistUITests/Info.plist;
				LD_RUNPATH_SEARCH_PATHS = (
					"$(inherited)",
					"@executable_path/Frameworks",
					"@loader_path/Frameworks",
				);
				PRODUCT_BUNDLE_IDENTIFIER = vs.crdttasklistUITests;
				PRODUCT_NAME = "$(TARGET_NAME)";
				SWIFT_VERSION = 5.0;
				TARGETED_DEVICE_FAMILY = "1,2";
				TEST_TARGET_NAME = crdttasklist;
			};
			name = Release;
		};
/* End XCBuildConfiguration section */

/* Begin XCConfigurationList section */
		E7B05EE52298223300D2A094 /* Build configuration list for PBXProject "crdttasklist" */ = {
			isa = XCConfigurationList;
			buildConfigurations = (
				E7B05F102298223400D2A094 /* Debug */,
				E7B05F112298223400D2A094 /* Release */,
			);
			defaultConfigurationIsVisible = 0;
			defaultConfigurationName = Release;
		};
		E7B05F122298223400D2A094 /* Build configuration list for PBXNativeTarget "crdttasklist" */ = {
			isa = XCConfigurationList;
			buildConfigurations = (
				E7B05F132298223400D2A094 /* Debug */,
				E7B05F142298223400D2A094 /* Release */,
			);
			defaultConfigurationIsVisible = 0;
			defaultConfigurationName = Release;
		};
		E7B05F152298223400D2A094 /* Build configuration list for PBXNativeTarget "crdttasklistTests" */ = {
			isa = XCConfigurationList;
			buildConfigurations = (
				E7B05F162298223400D2A094 /* Debug */,
				E7B05F172298223400D2A094 /* Release */,
			);
			defaultConfigurationIsVisible = 0;
			defaultConfigurationName = Release;
		};
		E7B05F182298223400D2A094 /* Build configuration list for PBXNativeTarget "crdttasklistUITests" */ = {
			isa = XCConfigurationList;
			buildConfigurations = (
				E7B05F192298223400D2A094 /* Debug */,
				E7B05F1A2298223400D2A094 /* Release */,
			);
			defaultConfigurationIsVisible = 0;
			defaultConfigurationName = Release;
		};
/* End XCConfigurationList section */
	};
	rootObject = E7B05EE22298223300D2A094 /* Project object */;
}
